
Microsoft Visual Studio Solution File, Format Version 12.00
# Visual Studio 15
VisualStudioVersion = 15.0.27703.2042
MinimumVisualStudioVersion = 10.0.40219.1
Project("{CC5FD16D-436D-48AD-A40C-5A424C6E3E79}") = "VisitorTracking", "VisitorTracking\VisitorTracking.ccproj", "{02CADD5B-7E15-4B9B-9156-EF90BED914D4}"
EndProject
Project("{FAE04EC0-301F-11D3-BF4B-00C04F79EFBC}") = "Tracker", "Tracker\Tracker.csproj", "{59C44AAC-F076-4507-84E2-CAB1CE09BCFF}"
EndProject
Global
	GlobalSection(SolutionConfigurationPlatforms) = preSolution
		Debug|Any CPU = Debug|Any CPU
		Release|Any CPU = Release|Any CPU
	EndGlobalSection
	GlobalSection(ProjectConfigurationPlatforms) = postSolution
		{02CADD5B-7E15-4B9B-9156-EF90BED914D4}.Debug|Any CPU.ActiveCfg = Debug|Any CPU
		{02CADD5B-7E15-4B9B-9156-EF90BED914D4}.Debug|Any CPU.Build.0 = Debug|Any CPU
		{02CADD5B-7E15-4B9B-9156-EF90BED914D4}.Release|Any CPU.ActiveCfg = Release|Any CPU
		{02CADD5B-7E15-4B9B-9156-EF90BED914D4}.Release|Any CPU.Build.0 = Release|Any CPU
		{59C44AAC-F076-4507-84E2-CAB1CE09BCFF}.Debug|Any CPU.ActiveCfg = Debug|Any CPU
		{59C44AAC-F076-4507-84E2-CAB1CE09BCFF}.Debug|Any CPU.Build.0 = Debug|Any CPU
		{59C44AAC-F076-4507-84E2-CAB1CE09BCFF}.Release|Any CPU.ActiveCfg = Release|Any CPU
		{59C44AAC-F076-4507-84E2-CAB1CE09BCFF}.Release|Any CPU.Build.0 = Release|Any CPU
	EndGlobalSection
	GlobalSection(SolutionProperties) = preSolution
		HideSolutionNode = FALSE
	EndGlobalSection
	GlobalSection(ExtensibilityGlobals) = postSolution
		SolutionGuid = {B56F005A-3CB8-40B3-AE94-F297BAA98165}
	EndGlobalSection
EndGlobal
